
Microsoft Visual Studio Solution File, Format Version 12.00
# Visual Studio Version 16
VisualStudioVersion = 16.0.31313.79
MinimumVisualStudioVersion = 10.0.40219.1
Project("{9A19103F-16F7-4668-BE54-9A1E7A4F7556}") = "LoanManagementService", "LoanManagementService.csproj", "{937E6204-DA33-4A94-9C97-F0900A9881D3}"
EndProject
Global
	GlobalSection(SolutionConfigurationPlatforms) = preSolution
		Debug|Any CPU = Debug|Any CPU
		Release|Any CPU = Release|Any CPU
	EndGlobalSection
	GlobalSection(ProjectConfigurationPlatforms) = postSolution
		{937E6204-DA33-4A94-9C97-F0900A9881D3}.Debug|Any CPU.ActiveCfg = Debug|Any CPU
		{937E6204-DA33-4A94-9C97-F0900A9881D3}.Debug|Any CPU.Build.0 = Debug|Any CPU
		{937E6204-DA33-4A94-9C97-F0900A9881D3}.Release|Any CPU.ActiveCfg = Release|Any CPU
		{937E6204-DA33-4A94-9C97-F0900A9881D3}.Release|Any CPU.Build.0 = Release|Any CPU
	EndGlobalSection
	GlobalSection(SolutionProperties) = preSolution
		HideSolutionNode = FALSE
	EndGlobalSection
	GlobalSection(ExtensibilityGlobals) = postSolution
		SolutionGuid = {12248DFB-3D36-401A-A4AD-2882EB3D4CA4}
	EndGlobalSection
EndGlobal
